// !$*UTF8*$!
{
	archiveVersion = 1;
	classes = {
	};
	objectVersion = 48;
	objects = {

/* Begin PBXBuildFile section */
		B72B240E1FA6E4D500805C99 /* AppDelegate.swift in Sources */ = {isa = PBXBuildFile; fileRef = B72B240D1FA6E4D500805C99 /* AppDelegate.swift */; };
		B72B24131FA6E4D500805C99 /* Main.storyboard in Resources */ = {isa = PBXBuildFile; fileRef = B72B24111FA6E4D500805C99 /* Main.storyboard */; };
		B72B24151FA6E4D500805C99 /* Assets.xcassets in Resources */ = {isa = PBXBuildFile; fileRef = B72B24141FA6E4D500805C99 /* Assets.xcassets */; };
		B72B24181FA6E4D500805C99 /* LaunchScreen.storyboard in Resources */ = {isa = PBXBuildFile; fileRef = B72B24161FA6E4D500805C99 /* LaunchScreen.storyboard */; };
		B72B24231FA6E4D600805C99 /* WorldTrotterTests.swift in Sources */ = {isa = PBXBuildFile; fileRef = B72B24221FA6E4D600805C99 /* WorldTrotterTests.swift */; };
		B72B242E1FA6E4D600805C99 /* WorldTrotterUITests.swift in Sources */ = {isa = PBXBuildFile; fileRef = B72B242D1FA6E4D600805C99 /* WorldTrotterUITests.swift */; };
		B787FB551FA83737008ECFA2 /* MapViewController.swift in Sources */ = {isa = PBXBuildFile; fileRef = B787FB541FA83737008ECFA2 /* MapViewController.swift */; };
		B787FB721FA86B87008ECFA2 /* Localizable.strings in Resources */ = {isa = PBXBuildFile; fileRef = B787FB741FA86B87008ECFA2 /* Localizable.strings */; };
		B7B15A411FA6FF93001723AA /* ConversionViewController.swift in Sources */ = {isa = PBXBuildFile; fileRef = B7B15A401FA6FF93001723AA /* ConversionViewController.swift */; };
/* End PBXBuildFile section */

/* Begin PBXContainerItemProxy section */
		B72B241F1FA6E4D600805C99 /* PBXContainerItemProxy */ = {
			isa = PBXContainerItemProxy;
			containerPortal = B72B24021FA6E4D500805C99 /* Project object */;
			proxyType = 1;
			remoteGlobalIDString = B72B24091FA6E4D500805C99;
			remoteInfo = WorldTrotter;
		};
		B72B242A1FA6E4D600805C99 /* PBXContainerItemProxy */ = {
			isa = PBXContainerItemProxy;
			containerPortal = B72B24021FA6E4D500805C99 /* Project object */;
			proxyType = 1;
			remoteGlobalIDString = B72B24091FA6E4D500805C99;
			remoteInfo = WorldTrotter;
		};
/* End PBXContainerItemProxy section */

/* Begin PBXFileReference section */
		B72B240A1FA6E4D500805C99 /* WorldTrotter.app */ = {isa = PBXFileReference; explicitFileType = wrapper.application; includeInIndex = 0; path = WorldTrotter.app; sourceTree = BUILT_PRODUCTS_DIR; };
		B72B240D1FA6E4D500805C99 /* AppDelegate.swift */ = {isa = PBXFileReference; lastKnownFileType = sourcecode.swift; path = AppDelegate.swift; sourceTree = "<group>"; };
		B72B24121FA6E4D500805C99 /* Base */ = {isa = PBXFileReference; lastKnownFileType = file.storyboard; name = Base; path = Base.lproj/Main.storyboard; sourceTree = "<group>"; };
		B72B24141FA6E4D500805C99 /* Assets.xcassets */ = {isa = PBXFileReference; lastKnownFileType = folder.assetcatalog; path = Assets.xcassets; sourceTree = "<group>"; };
		B72B24171FA6E4D500805C99 /* Base */ = {isa = PBXFileReference; lastKnownFileType = file.storyboard; name = Base; path = Base.lproj/LaunchScreen.storyboard; sourceTree = "<group>"; };
		B72B24191FA6E4D500805C99 /* Info.plist */ = {isa = PBXFileReference; lastKnownFileType = text.plist.xml; path = Info.plist; sourceTree = "<group>"; };
		B72B241E1FA6E4D600805C99 /* WorldTrotterTests.xctest */ = {isa = PBXFileReference; explicitFileType = wrapper.cfbundle; includeInIndex = 0; path = WorldTrotterTests.xctest; sourceTree = BUILT_PRODUCTS_DIR; };
		B72B24221FA6E4D600805C99 /* WorldTrotterTests.swift */ = {isa = PBXFileReference; lastKnownFileType = sourcecode.swift; path = WorldTrotterTests.swift; sourceTree = "<group>"; };
		B72B24241FA6E4D600805C99 /* Info.plist */ = {isa = PBXFileReference; lastKnownFileType = text.plist.xml; path = Info.plist; sourceTree = "<group>"; };
		B72B24291FA6E4D600805C99 /* WorldTrotterUITests.xctest */ = {isa = PBXFileReference; explicitFileType = wrapper.cfbundle; includeInIndex = 0; path = WorldTrotterUITests.xctest; sourceTree = BUILT_PRODUCTS_DIR; };
		B72B242D1FA6E4D600805C99 /* WorldTrotterUITests.swift */ = {isa = PBXFileReference; lastKnownFileType = sourcecode.swift; path = WorldTrotterUITests.swift; sourceTree = "<group>"; };
		B72B242F1FA6E4D600805C99 /* Info.plist */ = {isa = PBXFileReference; lastKnownFileType = text.plist.xml; path = Info.plist; sourceTree = "<group>"; };
		B787FB541FA83737008ECFA2 /* MapViewController.swift */ = {isa = PBXFileReference; lastKnownFileType = sourcecode.swift; path = MapViewController.swift; sourceTree = "<group>"; };
		B787FB571FA86049008ECFA2 /* en */ = {isa = PBXFileReference; lastKnownFileType = text.plist.strings; name = en; path = en.lproj/Main.strings; sourceTree = "<group>"; };
		B787FB581FA860A7008ECFA2 /* es */ = {isa = PBXFileReference; lastKnownFileType = text.plist.strings; name = es; path = es.lproj/Main.strings; sourceTree = "<group>"; };
		B787FB591FA860A7008ECFA2 /* es */ = {isa = PBXFileReference; lastKnownFileType = text.plist.strings; name = es; path = es.lproj/LaunchScreen.strings; sourceTree = "<group>"; };
		B787FB731FA86B87008ECFA2 /* en */ = {isa = PBXFileReference; lastKnownFileType = text.plist.strings; name = en; path = en.lproj/Localizable.strings; sourceTree = "<group>"; };
		B787FB751FA86B89008ECFA2 /* es */ = {isa = PBXFileReference; lastKnownFileType = text.plist.strings; name = es; path = es.lproj/Localizable.strings; sourceTree = "<group>"; };
		B7B15A401FA6FF93001723AA /* ConversionViewController.swift */ = {isa = PBXFileReference; lastKnownFileType = sourcecode.swift; path = ConversionViewController.swift; sourceTree = "<group>"; };
/* End PBXFileReference section */

/* Begin PBXFrameworksBuildPhase section */
		B72B24071FA6E4D500805C99 /* Frameworks */ = {
			isa = PBXFrameworksBuildPhase;
			buildActionMask = 2147483647;
			files = (
			);
			runOnlyForDeploymentPostprocessing = 0;
		};
		B72B241B1FA6E4D600805C99 /* Frameworks */ = {
			isa = PBXFrameworksBuildPhase;
			buildActionMask = 2147483647;
			files = (
			);
			runOnlyForDeploymentPostprocessing = 0;
		};
		B72B24261FA6E4D600805C99 /* Frameworks */ = {
			isa = PBXFrameworksBuildPhase;
			buildActionMask = 2147483647;
			files = (
			);
			runOnlyForDeploymentPostprocessing = 0;
		};
/* End PBXFrameworksBuildPhase section */

/* Begin PBXGroup section */
		B72B24011FA6E4D500805C99 = {
			isa = PBXGroup;
			children = (
				B72B240C1FA6E4D500805C99 /* WorldTrotter */,
				B72B24211FA6E4D600805C99 /* WorldTrotterTests */,
				B72B242C1FA6E4D600805C99 /* WorldTrotterUITests */,
				B72B240B1FA6E4D500805C99 /* Products */,
			);
			sourceTree = "<group>";
		};
		B72B240B1FA6E4D500805C99 /* Products */ = {
			isa = PBXGroup;
			children = (
				B72B240A1FA6E4D500805C99 /* WorldTrotter.app */,
				B72B241E1FA6E4D600805C99 /* WorldTrotterTests.xctest */,
				B72B24291FA6E4D600805C99 /* WorldTrotterUITests.xctest */,
			);
			name = Products;
			sourceTree = "<group>";
		};
		B72B240C1FA6E4D500805C99 /* WorldTrotter */ = {
			isa = PBXGroup;
			children = (
				B72B240D1FA6E4D500805C99 /* AppDelegate.swift */,
				B7B15A401FA6FF93001723AA /* ConversionViewController.swift */,
				B787FB541FA83737008ECFA2 /* MapViewController.swift */,
				B787FB741FA86B87008ECFA2 /* Localizable.strings */,
				B72B24111FA6E4D500805C99 /* Main.storyboard */,
				B72B24141FA6E4D500805C99 /* Assets.xcassets */,
				B72B24161FA6E4D500805C99 /* LaunchScreen.storyboard */,
				B72B24191FA6E4D500805C99 /* Info.plist */,
			);
			path = WorldTrotter;
			sourceTree = "<group>";
		};
		B72B24211FA6E4D600805C99 /* WorldTrotterTests */ = {
			isa = PBXGroup;
			children = (
				B72B24221FA6E4D600805C99 /* WorldTrotterTests.swift */,
				B72B24241FA6E4D600805C99 /* Info.plist */,
			);
			path = WorldTrotterTests;
			sourceTree = "<group>";
		};
		B72B242C1FA6E4D600805C99 /* WorldTrotterUITests */ = {
			isa = PBXGroup;
			children = (
				B72B242D1FA6E4D600805C99 /* WorldTrotterUITests.swift */,
				B72B242F1FA6E4D600805C99 /* Info.plist */,
			);
			path = WorldTrotterUITests;
			sourceTree = "<group>";
		};
/* End PBXGroup section */

/* Begin PBXNativeTarget section */
		B72B24091FA6E4D500805C99 /* WorldTrotter */ = {
			isa = PBXNativeTarget;
			buildConfigurationList = B72B24321FA6E4D600805C99 /* Build configuration list for PBXNativeTarget "WorldTrotter" */;
			buildPhases = (
				B72B24061FA6E4D500805C99 /* Sources */,
				B72B24071FA6E4D500805C99 /* Frameworks */,
				B72B24081FA6E4D500805C99 /* Resources */,
			);
			buildRules = (
			);
			dependencies = (
			);
			name = WorldTrotter;
			productName = WorldTrotter;
			productReference = B72B240A1FA6E4D500805C99 /* WorldTrotter.app */;
			productType = "com.apple.product-type.application";
		};
		B72B241D1FA6E4D600805C99 /* WorldTrotterTests */ = {
			isa = PBXNativeTarget;
			buildConfigurationList = B72B24351FA6E4D600805C99 /* Build configuration list for PBXNativeTarget "WorldTrotterTests" */;
			buildPhases = (
				B72B241A1FA6E4D600805C99 /* Sources */,
				B72B241B1FA6E4D600805C99 /* Frameworks */,
				B72B241C1FA6E4D600805C99 /* Resources */,
			);
			buildRules = (
			);
			dependencies = (
				B72B24201FA6E4D600805C99 /* PBXTargetDependency */,
			);
			name = WorldTrotterTests;
			productName = WorldTrotterTests;
			productReference = B72B241E1FA6E4D600805C99 /* WorldTrotterTests.xctest */;
			productType = "com.apple.product-type.bundle.unit-test";
		};
		B72B24281FA6E4D600805C99 /* WorldTrotterUITests */ = {
			isa = PBXNativeTarget;
			buildConfigurationList = B72B24381FA6E4D600805C99 /* Build configuration list for PBXNativeTarget "WorldTrotterUITests" */;
			buildPhases = (
				B72B24251FA6E4D600805C99 /* Sources */,
				B72B24261FA6E4D600805C99 /* Frameworks */,
				B72B24271FA6E4D600805C99 /* Resources */,
			);
			buildRules = (
			);
			dependencies = (
				B72B242B1FA6E4D600805C99 /* PBXTargetDependency */,
			);
			name = WorldTrotterUITests;
			productName = WorldTrotterUITests;
			productReference = B72B24291FA6E4D600805C99 /* WorldTrotterUITests.xctest */;
			productType = "com.apple.product-type.bundle.ui-testing";
		};
/* End PBXNativeTarget section */

/* Begin PBXProject section */
		B72B24021FA6E4D500805C99 /* Project object */ = {
			isa = PBXProject;
			attributes = {
				LastSwiftUpdateCheck = 0900;
				LastUpgradeCheck = 0900;
				ORGANIZATIONNAME = nguyen.phuc.khanh;
				TargetAttributes = {
					B72B24091FA6E4D500805C99 = {
						CreatedOnToolsVersion = 9.0.1;
						ProvisioningStyle = Automatic;
					};
					B72B241D1FA6E4D600805C99 = {
						CreatedOnToolsVersion = 9.0.1;
						ProvisioningStyle = Automatic;
						TestTargetID = B72B24091FA6E4D500805C99;
					};
					B72B24281FA6E4D600805C99 = {
						CreatedOnToolsVersion = 9.0.1;
						ProvisioningStyle = Automatic;
						TestTargetID = B72B24091FA6E4D500805C99;
					};
				};
			};
			buildConfigurationList = B72B24051FA6E4D500805C99 /* Build configuration list for PBXProject "WorldTrotter" */;
			compatibilityVersion = "Xcode 8.0";
			developmentRegion = en;
			hasScannedForEncodings = 0;
			knownRegions = (
				en,
				Base,
				es,
			);
			mainGroup = B72B24011FA6E4D500805C99;
			productRefGroup = B72B240B1FA6E4D500805C99 /* Products */;
			projectDirPath = "";
			projectRoot = "";
			targets = (
				B72B24091FA6E4D500805C99 /* WorldTrotter */,
				B72B241D1FA6E4D600805C99 /* WorldTrotterTests */,
				B72B24281FA6E4D600805C99 /* WorldTrotterUITests */,
			);
		};
/* End PBXProject section */

/* Begin PBXResourcesBuildPhase section */
		B72B24081FA6E4D500805C99 /* Resources */ = {
			isa = PBXResourcesBuildPhase;
			buildActionMask = 2147483647;
			files = (
				B72B24181FA6E4D500805C99 /* LaunchScreen.storyboard in Resources */,
				B787FB721FA86B87008ECFA2 /* Localizable.strings in Resources */,
				B72B24151FA6E4D500805C99 /* Assets.xcassets in Resources */,
				B72B24131FA6E4D500805C99 /* Main.storyboard in Resources */,
			);
			runOnlyForDeploymentPostprocessing = 0;
		};
		B72B241C1FA6E4D600805C99 /* Resources */ = {
			isa = PBXResourcesBuildPhase;
			buildActionMask = 2147483647;
			files = (
			);
			runOnlyForDeploymentPostprocessing = 0;
		};
		B72B24271FA6E4D600805C99 /* Resources */ = {
			isa = PBXResourcesBuildPhase;
			buildActionMask = 2147483647;
			files = (
			);
			runOnlyForDeploymentPostprocessing = 0;
		};
/* End PBXResourcesBuildPhase section */

/* Begin PBXSourcesBuildPhase section */
		B72B24061FA6E4D500805C99 /* Sources */ = {
			isa = PBXSourcesBuildPhase;
			buildActionMask = 2147483647;
			files = (
				B7B15A411FA6FF93001723AA /* ConversionViewController.swift in Sources */,
				B787FB551FA83737008ECFA2 /* MapViewController.swift in Sources */,
				B72B240E1FA6E4D500805C99 /* AppDelegate.swift in Sources */,
			);
			runOnlyForDeploymentPostprocessing = 0;
		};
		B72B241A1FA6E4D600805C99 /* Sources */ = {
			isa = PBXSourcesBuildPhase;
			buildActionMask = 2147483647;
			files = (
				B72B24231FA6E4D600805C99 /* WorldTrotterTests.swift in Sources */,
			);
			runOnlyForDeploymentPostprocessing = 0;
		};
		B72B24251FA6E4D600805C99 /* Sources */ = {
			isa = PBXSourcesBuildPhase;
			buildActionMask = 2147483647;
			files = (
				B72B242E1FA6E4D600805C99 /* WorldTrotterUITests.swift in Sources */,
			);
			runOnlyForDeploymentPostprocessing = 0;
		};
/* End PBXSourcesBuildPhase section */

/* Begin PBXTargetDependency section */
		B72B24201FA6E4D600805C99 /* PBXTargetDependency */ = {
			isa = PBXTargetDependency;
			target = B72B24091FA6E4D500805C99 /* WorldTrotter */;
			targetProxy = B72B241F1FA6E4D600805C99 /* PBXContainerItemProxy */;
		};
		B72B242B1FA6E4D600805C99 /* PBXTargetDependency */ = {
			isa = PBXTargetDependency;
			target = B72B24091FA6E4D500805C99 /* WorldTrotter */;
			targetProxy = B72B242A1FA6E4D600805C99 /* PBXContainerItemProxy */;
		};
/* End PBXTargetDependency section */

/* Begin PBXVariantGroup section */
		B72B24111FA6E4D500805C99 /* Main.storyboard */ = {
			isa = PBXVariantGroup;
			children = (
				B72B24121FA6E4D500805C99 /* Base */,
				B787FB571FA86049008ECFA2 /* en */,
				B787FB581FA860A7008ECFA2 /* es */,
			);
			name = Main.storyboard;
			sourceTree = "<group>";
		};
		B72B24161FA6E4D500805C99 /* LaunchScreen.storyboard */ = {
			isa = PBXVariantGroup;
			children = (
				B72B24171FA6E4D500805C99 /* Base */,
				B787FB591FA860A7008ECFA2 /* es */,
			);
			name = LaunchScreen.storyboard;
			sourceTree = "<group>";
		};
		B787FB741FA86B87008ECFA2 /* Localizable.strings */ = {
			isa = PBXVariantGroup;
			children = (
				B787FB731FA86B87008ECFA2 /* en */,
				B787FB751FA86B89008ECFA2 /* es */,
			);
			name = Localizable.strings;
			sourceTree = "<group>";
		};
/* End PBXVariantGroup section */

/* Begin XCBuildConfiguration section */
		B72B24301FA6E4D600805C99 /* Debug */ = {
			isa = XCBuildConfiguration;
			buildSettings = {
				ALWAYS_SEARCH_USER_PATHS = NO;
				CLANG_ANALYZER_LOCALIZABILITY_NONLOCALIZED = YES;
				CLANG_ANALYZER_NONNULL = YES;
				CLANG_ANALYZER_NUMBER_OBJECT_CONVERSION = YES_AGGRESSIVE;
				CLANG_CXX_LANGUAGE_STANDARD = "gnu++14";
				CLANG_CXX_LIBRARY = "libc++";
				CLANG_ENABLE_MODULES = YES;
				CLANG_ENABLE_OBJC_ARC = YES;
				CLANG_WARN_BLOCK_CAPTURE_AUTORELEASING = YES;
				CLANG_WARN_BOOL_CONVERSION = YES;
				CLANG_WARN_COMMA = YES;
				CLANG_WARN_CONSTANT_CONVERSION = YES;
				CLANG_WARN_DIRECT_OBJC_ISA_USAGE = YES_ERROR;
				CLANG_WARN_DOCUMENTATION_COMMENTS = YES;
				CLANG_WARN_EMPTY_BODY = YES;
				CLANG_WARN_ENUM_CONVERSION = YES;
				CLANG_WARN_INFINITE_RECURSION = YES;
				CLANG_WARN_INT_CONVERSION = YES;
				CLANG_WARN_NON_LITERAL_NULL_CONVERSION = YES;
				CLANG_WARN_OBJC_LITERAL_CONVERSION = YES;
				CLANG_WARN_OBJC_ROOT_CLASS = YES_ERROR;
				CLANG_WARN_RANGE_LOOP_ANALYSIS = YES;
				CLANG_WARN_STRICT_PROTOTYPES = YES;
				CLANG_WARN_SUSPICIOUS_MOVE = YES;
				CLANG_WARN_UNGUARDED_AVAILABILITY = YES_AGGRESSIVE;
				CLANG_WARN_UNREACHABLE_CODE = YES;
				CLANG_WARN__DUPLICATE_METHOD_MATCH = YES;
				CODE_SIGN_IDENTITY = "iPhone Developer";
				COPY_PHASE_STRIP = NO;
				DEBUG_INFORMATION_FORMAT = dwarf;
				ENABLE_STRICT_OBJC_MSGSEND = YES;
				ENABLE_TESTABILITY = YES;
				GCC_C_LANGUAGE_STANDARD = gnu11;
				GCC_DYNAMIC_NO_PIC = NO;
				GCC_NO_COMMON_BLOCKS = YES;
				GCC_OPTIMIZATION_LEVEL = 0;
				GCC_PREPROCESSOR_DEFINITIONS = (
					"DEBUG=1",
					"$(inherited)",
				);
				GCC_WARN_64_TO_32_BIT_CONVERSION = YES;
				GCC_WARN_ABOUT_RETURN_TYPE = YES_ERROR;
				GCC_WARN_UNDECLARED_SELECTOR = YES;
				GCC_WARN_UNINITIALIZED_AUTOS = YES_AGGRESSIVE;
				GCC_WARN_UNUSED_FUNCTION = YES;
				GCC_WARN_UNUSED_VARIABLE = YES;
				IPHONEOS_DEPLOYMENT_TARGET = 11.0;
				MTL_ENABLE_DEBUG_INFO = YES;
				ONLY_ACTIVE_ARCH = YES;
				SDKROOT = iphoneos;
				SWIFT_ACTIVE_COMPILATION_CONDITIONS = DEBUG;
				SWIFT_OPTIMIZATION_LEVEL = "-Onone";
			};
			name = Debug;
		};
		B72B24311FA6E4D600805C99 /* Release */ = {
			isa = XCBuildConfiguration;
			buildSettings = {
				ALWAYS_SEARCH_USER_PATHS = NO;
				CLANG_ANALYZER_LOCALIZABILITY_NONLOCALIZED = YES;
				CLANG_ANALYZER_NONNULL = YES;
				CLANG_ANALYZER_NUMBER_OBJECT_CONVERSION = YES_AGGRESSIVE;
				CLANG_CXX_LANGUAGE_STANDARD = "gnu++14";
				CLANG_CXX_LIBRARY = "libc++";
				CLANG_ENABLE_MODULES = YES;
				CLANG_ENABLE_OBJC_ARC = YES;
				CLANG_WARN_BLOCK_CAPTURE_AUTORELEASING = YES;
				CLANG_WARN_BOOL_CONVERSION = YES;
				CLANG_WARN_COMMA = YES;
				CLANG_WARN_CONSTANT_CONVERSION = YES;
				CLANG_WARN_DIRECT_OBJC_ISA_USAGE = YES_ERROR;
				CLANG_WARN_DOCUMENTATION_COMMENTS = YES;
				CLANG_WARN_EMPTY_BODY = YES;
				CLANG_WARN_ENUM_CONVERSION = YES;
				CLANG_WARN_INFINITE_RECURSION = YES;
				CLANG_WARN_INT_CONVERSION = YES;
				CLANG_WARN_NON_LITERAL_NULL_CONVERSION = YES;
				CLANG_WARN_OBJC_LITERAL_CONVERSION = YES;
				CLANG_WARN_OBJC_ROOT_CLASS = YES_ERROR;
				CLANG_WARN_RANGE_LOOP_ANALYSIS = YES;
				CLANG_WARN_STRICT_PROTOTYPES = YES;
				CLANG_WARN_SUSPICIOUS_MOVE = YES;
				CLANG_WARN_UNGUARDED_AVAILABILITY = YES_AGGRESSIVE;
				CLANG_WARN_UNREACHABLE_CODE = YES;
				CLANG_WARN__DUPLICATE_METHOD_MATCH = YES;
				CODE_SIGN_IDENTITY = "iPhone Developer";
				COPY_PHASE_STRIP = NO;
				DEBUG_INFORMATION_FORMAT = "dwarf-with-dsym";
				ENABLE_NS_ASSERTIONS = NO;
				ENABLE_STRICT_OBJC_MSGSEND = YES;
				GCC_C_LANGUAGE_STANDARD = gnu11;
				GCC_NO_COMMON_BLOCKS = YES;
				GCC_WARN_64_TO_32_BIT_CONVERSION = YES;
				GCC_WARN_ABOUT_RETURN_TYPE = YES_ERROR;
				GCC_WARN_UNDECLARED_SELECTOR = YES;
				GCC_WARN_UNINITIALIZED_AUTOS = YES_AGGRESSIVE;
				GCC_WARN_UNUSED_FUNCTION = YES;
				GCC_WARN_UNUSED_VARIABLE = YES;
				IPHONEOS_DEPLOYMENT_TARGET = 11.0;
				MTL_ENABLE_DEBUG_INFO = NO;
				SDKROOT = iphoneos;
				SWIFT_OPTIMIZATION_LEVEL = "-Owholemodule";
				VALIDATE_PRODUCT = YES;
			};
			name = Release;
		};
		B72B24331FA6E4D600805C99 /* Debug */ = {
			isa = XCBuildConfiguration;
			buildSettings = {
				ASSETCATALOG_COMPILER_APPICON_NAME = AppIcon;
				CODE_SIGN_STYLE = Automatic;
				DEVELOPMENT_TEAM = 49T2S8SJWE;
				INFOPLIST_FILE = WorldTrotter/Info.plist;
				IPHONEOS_DEPLOYMENT_TARGET = 10.0;
				LD_RUNPATH_SEARCH_PATHS = "$(inherited) @executable_path/Frameworks";
				PRODUCT_BUNDLE_IDENTIFIER = nguyen.phuc.khanh.WorldTrotter;
				PRODUCT_NAME = "$(TARGET_NAME)";
				SWIFT_VERSION = 4.0;
				TARGETED_DEVICE_FAMILY = 1;
			};
			name = Debug;
		};
		B72B24341FA6E4D600805C99 /* Release */ = {
			isa = XCBuildConfiguration;
			buildSettings = {
				ASSETCATALOG_COMPILER_APPICON_NAME = AppIcon;
				CODE_SIGN_STYLE = Automatic;
				DEVELOPMENT_TEAM = 49T2S8SJWE;
				INFOPLIST_FILE = WorldTrotter/Info.plist;
				IPHONEOS_DEPLOYMENT_TARGET = 10.0;
				LD_RUNPATH_SEARCH_PATHS = "$(inherited) @executable_path/Frameworks";
				PRODUCT_BUNDLE_IDENTIFIER = nguyen.phuc.khanh.WorldTrotter;
				PRODUCT_NAME = "$(TARGET_NAME)";
				SWIFT_VERSION = 4.0;
				TARGETED_DEVICE_FAMILY = 1;
			};
			name = Release;
		};
		B72B24361FA6E4D600805C99 /* Debug */ = {
			isa = XCBuildConfiguration;
			buildSettings = {
				ALWAYS_EMBED_SWIFT_STANDARD_LIBRARIES = YES;
				BUNDLE_LOADER = "$(TEST_HOST)";
				CODE_SIGN_STYLE = Automatic;
				DEVELOPMENT_TEAM = 49T2S8SJWE;
				INFOPLIST_FILE = WorldTrotterTests/Info.plist;
				LD_RUNPATH_SEARCH_PATHS = "$(inherited) @executable_path/Frameworks @loader_path/Frameworks";
				PRODUCT_BUNDLE_IDENTIFIER = nguyen.phuc.khanh.WorldTrotterTests;
				PRODUCT_NAME = "$(TARGET_NAME)";
				SWIFT_VERSION = 4.0;
				TARGETED_DEVICE_FAMILY = "1,2";
				TEST_HOST = "$(BUILT_PRODUCTS_DIR)/WorldTrotter.app/WorldTrotter";
			};
			name = Debug;
		};
		B72B24371FA6E4D600805C99 /* Release */ = {
			isa = XCBuildConfiguration;
			buildSettings = {
				ALWAYS_EMBED_SWIFT_STANDARD_LIBRARIES = YES;
				BUNDLE_LOADER = "$(TEST_HOST)";
				CODE_SIGN_STYLE = Automatic;
				DEVELOPMENT_TEAM = 49T2S8SJWE;
				INFOPLIST_FILE = WorldTrotterTests/Info.plist;
				LD_RUNPATH_SEARCH_PATHS = "$(inherited) @executable_path/Frameworks @loader_path/Frameworks";
				PRODUCT_BUNDLE_IDENTIFIER = nguyen.phuc.khanh.WorldTrotterTests;
				PRODUCT_NAME = "$(TARGET_NAME)";
				SWIFT_VERSION = 4.0;
				TARGETED_DEVICE_FAMILY = "1,2";
				TEST_HOST = "$(BUILT_PRODUCTS_DIR)/WorldTrotter.app/WorldTrotter";
			};
			name = Release;
		};
		B72B24391FA6E4D600805C99 /* Debug */ = {
			isa = XCBuildConfiguration;
			buildSettings = {
				ALWAYS_EMBED_SWIFT_STANDARD_LIBRARIES = YES;
				CODE_SIGN_STYLE = Automatic;
				DEVELOPMENT_TEAM = 49T2S8SJWE;
				INFOPLIST_FILE = WorldTrotterUITests/Info.plist;
				LD_RUNPATH_SEARCH_PATHS = "$(inherited) @executable_path/Frameworks @loader_path/Frameworks";
				PRODUCT_BUNDLE_IDENTIFIER = nguyen.phuc.khanh.WorldTrotterUITests;
				PRODUCT_NAME = "$(TARGET_NAME)";
				SWIFT_VERSION = 4.0;
				TARGETED_DEVICE_FAMILY = "1,2";
				TEST_TARGET_NAME = WorldTrotter;
			};
			name = Debug;
		};
		B72B243A1FA6E4D600805C99 /* Release */ = {
			isa = XCBuildConfiguration;
			buildSettings = {
				ALWAYS_EMBED_SWIFT_STANDARD_LIBRARIES = YES;
				CODE_SIGN_STYLE = Automatic;
				DEVELOPMENT_TEAM = 49T2S8SJWE;
				INFOPLIST_FILE = WorldTrotterUITests/Info.plist;
				LD_RUNPATH_SEARCH_PATHS = "$(inherited) @executable_path/Frameworks @loader_path/Frameworks";
				PRODUCT_BUNDLE_IDENTIFIER = nguyen.phuc.khanh.WorldTrotterUITests;
				PRODUCT_NAME = "$(TARGET_NAME)";
				SWIFT_VERSION = 4.0;
				TARGETED_DEVICE_FAMILY = "1,2";
				TEST_TARGET_NAME = WorldTrotter;
			};
			name = Release;
		};
/* End XCBuildConfiguration section */

/* Begin XCConfigurationList section */
		B72B24051FA6E4D500805C99 /* Build configuration list for PBXProject "WorldTrotter" */ = {
			isa = XCConfigurationList;
			buildConfigurations = (
				B72B24301FA6E4D600805C99 /* Debug */,
				B72B24311FA6E4D600805C99 /* Release */,
			);
			defaultConfigurationIsVisible = 0;
			defaultConfigurationName = Release;
		};
		B72B24321FA6E4D600805C99 /* Build configuration list for PBXNativeTarget "WorldTrotter" */ = {
			isa = XCConfigurationList;
			buildConfigurations = (
				B72B24331FA6E4D600805C99 /* Debug */,
				B72B24341FA6E4D600805C99 /* Release */,
			);
			defaultConfigurationIsVisible = 0;
			defaultConfigurationName = Release;
		};
		B72B24351FA6E4D600805C99 /* Build configuration list for PBXNativeTarget "WorldTrotterTests" */ = {
			isa = XCConfigurationList;
			buildConfigurations = (
				B72B24361FA6E4D600805C99 /* Debug */,
				B72B24371FA6E4D600805C99 /* Release */,
			);
			defaultConfigurationIsVisible = 0;
			defaultConfigurationName = Release;
		};
		B72B24381FA6E4D600805C99 /* Build configuration list for PBXNativeTarget "WorldTrotterUITests" */ = {
			isa = XCConfigurationList;
			buildConfigurations = (
				B72B24391FA6E4D600805C99 /* Debug */,
				B72B243A1FA6E4D600805C99 /* Release */,
			);
			defaultConfigurationIsVisible = 0;
			defaultConfigurationName = Release;
		};
/* End XCConfigurationList section */
	};
	rootObject = B72B24021FA6E4D500805C99 /* Project object */;
}
